
Microsoft Visual Studio Solution File, Format Version 12.00
# Visual Studio Version 17
VisualStudioVersion = 17.4.33122.133
MinimumVisualStudioVersion = 10.0.40219.1
Project("{FAE04EC0-301F-11D3-BF4B-00C04F79EFBC}") = "AppointmentScheduling", "AppointmentScheduling\AppointmentScheduling.csproj", "{170B5AB6-850C-4D85-9928-64EAD0C1F2D4}"
EndProject
Global
	GlobalSection(SolutionConfigurationPlatforms) = preSolution
		Debug|Any CPU = Debug|Any CPU
		Release|Any CPU = Release|Any CPU
	EndGlobalSection
	GlobalSection(ProjectConfigurationPlatforms) = postSolution
		{170B5AB6-850C-4D85-9928-64EAD0C1F2D4}.Debug|Any CPU.ActiveCfg = Debug|Any CPU
		{170B5AB6-850C-4D85-9928-64EAD0C1F2D4}.Debug|Any CPU.Build.0 = Debug|Any CPU
		{170B5AB6-850C-4D85-9928-64EAD0C1F2D4}.Release|Any CPU.ActiveCfg = Release|Any CPU
		{170B5AB6-850C-4D85-9928-64EAD0C1F2D4}.Release|Any CPU.Build.0 = Release|Any CPU
	EndGlobalSection
	GlobalSection(SolutionProperties) = preSolution
		HideSolutionNode = FALSE
	EndGlobalSection
	GlobalSection(ExtensibilityGlobals) = postSolution
		SolutionGuid = {106CB326-33FF-43CF-AB17-31055A42D752}
	EndGlobalSection
EndGlobal
